// !$*UTF8*$!
{
	archiveVersion = 1;
	classes = {
	};
	objectVersion = 56;
	objects = {

/* Begin PBXBuildFile section */
		E4AD325929A2846400C97B35 /* AppDelegate.swift in Sources */ = {isa = PBXBuildFile; fileRef = E4AD325829A2846400C97B35 /* AppDelegate.swift */; };
		E4AD325B29A2846400C97B35 /* ViewController.swift in Sources */ = {isa = PBXBuildFile; fileRef = E4AD325A29A2846400C97B35 /* ViewController.swift */; };
		E4AD325D29A2846500C97B35 /* Assets.xcassets in Resources */ = {isa = PBXBuildFile; fileRef = E4AD325C29A2846500C97B35 /* Assets.xcassets */; };
		E4AD326029A2846500C97B35 /* Main.storyboard in Resources */ = {isa = PBXBuildFile; fileRef = E4AD325E29A2846500C97B35 /* Main.storyboard */; };
		E4AD326A29A287D400C97B35 /* BiquadCoefficientCalculator.swift in Sources */ = {isa = PBXBuildFile; fileRef = E4AD326829A287D400C97B35 /* BiquadCoefficientCalculator.swift */; };
		E4AD326B29A287D400C97B35 /* MagnitudeResponseCalculator.swift in Sources */ = {isa = PBXBuildFile; fileRef = E4AD326929A287D400C97B35 /* MagnitudeResponseCalculator.swift */; };
		E4AD326D29A28BAC00C97B35 /* LICENSE.txt in Resources */ = {isa = PBXBuildFile; fileRef = E4AD326C29A28BAC00C97B35 /* LICENSE.txt */; };
		E4AD326F29A28D9200C97B35 /* ResponseView.swift in Sources */ = {isa = PBXBuildFile; fileRef = E4AD326E29A28D9200C97B35 /* ResponseView.swift */; };
		E4AD327129A2930000C97B35 /* ResponseMath.swift in Sources */ = {isa = PBXBuildFile; fileRef = E4AD327029A2930000C97B35 /* ResponseMath.swift */; };
/* End PBXBuildFile section */

/* Begin PBXFileReference section */
		E4AD325529A2846400C97B35 /* DBView.app */ = {isa = PBXFileReference; explicitFileType = wrapper.application; includeInIndex = 0; path = DBView.app; sourceTree = BUILT_PRODUCTS_DIR; };
		E4AD325829A2846400C97B35 /* AppDelegate.swift */ = {isa = PBXFileReference; lastKnownFileType = sourcecode.swift; path = AppDelegate.swift; sourceTree = "<group>"; };
		E4AD325A29A2846400C97B35 /* ViewController.swift */ = {isa = PBXFileReference; lastKnownFileType = sourcecode.swift; path = ViewController.swift; sourceTree = "<group>"; };
		E4AD325C29A2846500C97B35 /* Assets.xcassets */ = {isa = PBXFileReference; lastKnownFileType = folder.assetcatalog; path = Assets.xcassets; sourceTree = "<group>"; };
		E4AD325F29A2846500C97B35 /* Base */ = {isa = PBXFileReference; lastKnownFileType = file.storyboard; name = Base; path = Base.lproj/Main.storyboard; sourceTree = "<group>"; };
		E4AD326129A2846500C97B35 /* DBView.entitlements */ = {isa = PBXFileReference; lastKnownFileType = text.plist.entitlements; path = DBView.entitlements; sourceTree = "<group>"; };
		E4AD326829A287D400C97B35 /* BiquadCoefficientCalculator.swift */ = {isa = PBXFileReference; fileEncoding = 4; lastKnownFileType = sourcecode.swift; path = BiquadCoefficientCalculator.swift; sourceTree = "<group>"; };
		E4AD326929A287D400C97B35 /* MagnitudeResponseCalculator.swift */ = {isa = PBXFileReference; fileEncoding = 4; lastKnownFileType = sourcecode.swift; path = MagnitudeResponseCalculator.swift; sourceTree = "<group>"; };
		E4AD326C29A28BAC00C97B35 /* LICENSE.txt */ = {isa = PBXFileReference; fileEncoding = 4; lastKnownFileType = text; path = LICENSE.txt; sourceTree = "<group>"; };
		E4AD326E29A28D9200C97B35 /* ResponseView.swift */ = {isa = PBXFileReference; lastKnownFileType = sourcecode.swift; path = ResponseView.swift; sourceTree = "<group>"; };
		E4AD327029A2930000C97B35 /* ResponseMath.swift */ = {isa = PBXFileReference; lastKnownFileType = sourcecode.swift; path = ResponseMath.swift; sourceTree = "<group>"; };
/* End PBXFileReference section */

/* Begin PBXFrameworksBuildPhase section */
		E4AD325229A2846400C97B35 /* Frameworks */ = {
			isa = PBXFrameworksBuildPhase;
			buildActionMask = 2147483647;
			files = (
			);
			runOnlyForDeploymentPostprocessing = 0;
		};
/* End PBXFrameworksBuildPhase section */

/* Begin PBXGroup section */
		E4AD324C29A2846400C97B35 = {
			isa = PBXGroup;
			children = (
				E4AD326729A287BE00C97B35 /* Apple */,
				E4AD325729A2846400C97B35 /* DBView */,
				E4AD325629A2846400C97B35 /* Products */,
			);
			sourceTree = "<group>";
		};
		E4AD325629A2846400C97B35 /* Products */ = {
			isa = PBXGroup;
			children = (
				E4AD325529A2846400C97B35 /* DBView.app */,
			);
			name = Products;
			sourceTree = "<group>";
		};
		E4AD325729A2846400C97B35 /* DBView */ = {
			isa = PBXGroup;
			children = (
				E4AD325829A2846400C97B35 /* AppDelegate.swift */,
				E4AD325A29A2846400C97B35 /* ViewController.swift */,
				E4AD326E29A28D9200C97B35 /* ResponseView.swift */,
				E4AD327029A2930000C97B35 /* ResponseMath.swift */,
				E4AD325C29A2846500C97B35 /* Assets.xcassets */,
				E4AD325E29A2846500C97B35 /* Main.storyboard */,
				E4AD326129A2846500C97B35 /* DBView.entitlements */,
			);
			path = DBView;
			sourceTree = "<group>";
		};
		E4AD326729A287BE00C97B35 /* Apple */ = {
			isa = PBXGroup;
			children = (
				E4AD326829A287D400C97B35 /* BiquadCoefficientCalculator.swift */,
				E4AD326929A287D400C97B35 /* MagnitudeResponseCalculator.swift */,
				E4AD326C29A28BAC00C97B35 /* LICENSE.txt */,
			);
			path = Apple;
			sourceTree = "<group>";
		};
/* End PBXGroup section */

/* Begin PBXNativeTarget section */
		E4AD325429A2846400C97B35 /* DBView */ = {
			isa = PBXNativeTarget;
			buildConfigurationList = E4AD326429A2846500C97B35 /* Build configuration list for PBXNativeTarget "DBView" */;
			buildPhases = (
				E4AD325129A2846400C97B35 /* Sources */,
				E4AD325229A2846400C97B35 /* Frameworks */,
				E4AD325329A2846400C97B35 /* Resources */,
			);
			buildRules = (
			);
			dependencies = (
			);
			name = DBView;
			productName = DBView;
			productReference = E4AD325529A2846400C97B35 /* DBView.app */;
			productType = "com.apple.product-type.application";
		};
/* End PBXNativeTarget section */

/* Begin PBXProject section */
		E4AD324D29A2846400C97B35 /* Project object */ = {
			isa = PBXProject;
			attributes = {
				BuildIndependentTargetsInParallel = 1;
				LastSwiftUpdateCheck = 1410;
				LastUpgradeCheck = 1410;
				TargetAttributes = {
					E4AD325429A2846400C97B35 = {
						CreatedOnToolsVersion = 14.1;
					};
				};
			};
			buildConfigurationList = E4AD325029A2846400C97B35 /* Build configuration list for PBXProject "DBView" */;
			compatibilityVersion = "Xcode 14.0";
			developmentRegion = en;
			hasScannedForEncodings = 0;
			knownRegions = (
				en,
				Base,
			);
			mainGroup = E4AD324C29A2846400C97B35;
			productRefGroup = E4AD325629A2846400C97B35 /* Products */;
			projectDirPath = "";
			projectRoot = "";
			targets = (
				E4AD325429A2846400C97B35 /* DBView */,
			);
		};
/* End PBXProject section */

/* Begin PBXResourcesBuildPhase section */
		E4AD325329A2846400C97B35 /* Resources */ = {
			isa = PBXResourcesBuildPhase;
			buildActionMask = 2147483647;
			files = (
				E4AD326D29A28BAC00C97B35 /* LICENSE.txt in Resources */,
				E4AD325D29A2846500C97B35 /* Assets.xcassets in Resources */,
				E4AD326029A2846500C97B35 /* Main.storyboard in Resources */,
			);
			runOnlyForDeploymentPostprocessing = 0;
		};
/* End PBXResourcesBuildPhase section */

/* Begin PBXSourcesBuildPhase section */
		E4AD325129A2846400C97B35 /* Sources */ = {
			isa = PBXSourcesBuildPhase;
			buildActionMask = 2147483647;
			files = (
				E4AD326F29A28D9200C97B35 /* ResponseView.swift in Sources */,
				E4AD325B29A2846400C97B35 /* ViewController.swift in Sources */,
				E4AD326B29A287D400C97B35 /* MagnitudeResponseCalculator.swift in Sources */,
				E4AD325929A2846400C97B35 /* AppDelegate.swift in Sources */,
				E4AD327129A2930000C97B35 /* ResponseMath.swift in Sources */,
				E4AD326A29A287D400C97B35 /* BiquadCoefficientCalculator.swift in Sources */,
			);
			runOnlyForDeploymentPostprocessing = 0;
		};
/* End PBXSourcesBuildPhase section */

/* Begin PBXVariantGroup section */
		E4AD325E29A2846500C97B35 /* Main.storyboard */ = {
			isa = PBXVariantGroup;
			children = (
				E4AD325F29A2846500C97B35 /* Base */,
			);
			name = Main.storyboard;
			sourceTree = "<group>";
		};
/* End PBXVariantGroup section */

/* Begin XCBuildConfiguration section */
		E4AD326229A2846500C97B35 /* Debug */ = {
			isa = XCBuildConfiguration;
			buildSettings = {
				ALWAYS_SEARCH_USER_PATHS = NO;
				CLANG_ANALYZER_NONNULL = YES;
				CLANG_ANALYZER_NUMBER_OBJECT_CONVERSION = YES_AGGRESSIVE;
				CLANG_CXX_LANGUAGE_STANDARD = "gnu++20";
				CLANG_ENABLE_MODULES = YES;
				CLANG_ENABLE_OBJC_ARC = YES;
				CLANG_ENABLE_OBJC_WEAK = YES;
				CLANG_WARN_BLOCK_CAPTURE_AUTORELEASING = YES;
				CLANG_WARN_BOOL_CONVERSION = YES;
				CLANG_WARN_COMMA = YES;
				CLANG_WARN_CONSTANT_CONVERSION = YES;
				CLANG_WARN_DEPRECATED_OBJC_IMPLEMENTATIONS = YES;
				CLANG_WARN_DIRECT_OBJC_ISA_USAGE = YES_ERROR;
				CLANG_WARN_DOCUMENTATION_COMMENTS = YES;
				CLANG_WARN_EMPTY_BODY = YES;
				CLANG_WARN_ENUM_CONVERSION = YES;
				CLANG_WARN_INFINITE_RECURSION = YES;
				CLANG_WARN_INT_CONVERSION = YES;
				CLANG_WARN_NON_LITERAL_NULL_CONVERSION = YES;
				CLANG_WARN_OBJC_IMPLICIT_RETAIN_SELF = YES;
				CLANG_WARN_OBJC_LITERAL_CONVERSION = YES;
				CLANG_WARN_OBJC_ROOT_CLASS = YES_ERROR;
				CLANG_WARN_QUOTED_INCLUDE_IN_FRAMEWORK_HEADER = YES;
				CLANG_WARN_RANGE_LOOP_ANALYSIS = YES;
				CLANG_WARN_STRICT_PROTOTYPES = YES;
				CLANG_WARN_SUSPICIOUS_MOVE = YES;
				CLANG_WARN_UNGUARDED_AVAILABILITY = YES_AGGRESSIVE;
				CLANG_WARN_UNREACHABLE_CODE = YES;
				CLANG_WARN__DUPLICATE_METHOD_MATCH = YES;
				COPY_PHASE_STRIP = NO;
				DEBUG_INFORMATION_FORMAT = dwarf;
				ENABLE_STRICT_OBJC_MSGSEND = YES;
				ENABLE_TESTABILITY = YES;
				GCC_C_LANGUAGE_STANDARD = gnu11;
				GCC_DYNAMIC_NO_PIC = NO;
				GCC_NO_COMMON_BLOCKS = YES;
				GCC_OPTIMIZATION_LEVEL = 0;
				GCC_PREPROCESSOR_DEFINITIONS = (
					"DEBUG=1",
					"$(inherited)",
				);
				GCC_WARN_64_TO_32_BIT_CONVERSION = YES;
				GCC_WARN_ABOUT_RETURN_TYPE = YES_ERROR;
				GCC_WARN_UNDECLARED_SELECTOR = YES;
				GCC_WARN_UNINITIALIZED_AUTOS = YES_AGGRESSIVE;
				GCC_WARN_UNUSED_FUNCTION = YES;
				GCC_WARN_UNUSED_VARIABLE = YES;
				MACOSX_DEPLOYMENT_TARGET = 13.0;
				MTL_ENABLE_DEBUG_INFO = INCLUDE_SOURCE;
				MTL_FAST_MATH = YES;
				ONLY_ACTIVE_ARCH = YES;
				SDKROOT = macosx;
				SWIFT_ACTIVE_COMPILATION_CONDITIONS = DEBUG;
				SWIFT_OPTIMIZATION_LEVEL = "-Onone";
			};
			name = Debug;
		};
		E4AD326329A2846500C97B35 /* Release */ = {
			isa = XCBuildConfiguration;
			buildSettings = {
				ALWAYS_SEARCH_USER_PATHS = NO;
				CLANG_ANALYZER_NONNULL = YES;
				CLANG_ANALYZER_NUMBER_OBJECT_CONVERSION = YES_AGGRESSIVE;
				CLANG_CXX_LANGUAGE_STANDARD = "gnu++20";
				CLANG_ENABLE_MODULES = YES;
				CLANG_ENABLE_OBJC_ARC = YES;
				CLANG_ENABLE_OBJC_WEAK = YES;
				CLANG_WARN_BLOCK_CAPTURE_AUTORELEASING = YES;
				CLANG_WARN_BOOL_CONVERSION = YES;
				CLANG_WARN_COMMA = YES;
				CLANG_WARN_CONSTANT_CONVERSION = YES;
				CLANG_WARN_DEPRECATED_OBJC_IMPLEMENTATIONS = YES;
				CLANG_WARN_DIRECT_OBJC_ISA_USAGE = YES_ERROR;
				CLANG_WARN_DOCUMENTATION_COMMENTS = YES;
				CLANG_WARN_EMPTY_BODY = YES;
				CLANG_WARN_ENUM_CONVERSION = YES;
				CLANG_WARN_INFINITE_RECURSION = YES;
				CLANG_WARN_INT_CONVERSION = YES;
				CLANG_WARN_NON_LITERAL_NULL_CONVERSION = YES;
				CLANG_WARN_OBJC_IMPLICIT_RETAIN_SELF = YES;
				CLANG_WARN_OBJC_LITERAL_CONVERSION = YES;
				CLANG_WARN_OBJC_ROOT_CLASS = YES_ERROR;
				CLANG_WARN_QUOTED_INCLUDE_IN_FRAMEWORK_HEADER = YES;
				CLANG_WARN_RANGE_LOOP_ANALYSIS = YES;
				CLANG_WARN_STRICT_PROTOTYPES = YES;
				CLANG_WARN_SUSPICIOUS_MOVE = YES;
				CLANG_WARN_UNGUARDED_AVAILABILITY = YES_AGGRESSIVE;
				CLANG_WARN_UNREACHABLE_CODE = YES;
				CLANG_WARN__DUPLICATE_METHOD_MATCH = YES;
				COPY_PHASE_STRIP = NO;
				DEBUG_INFORMATION_FORMAT = "dwarf-with-dsym";
				ENABLE_NS_ASSERTIONS = NO;
				ENABLE_STRICT_OBJC_MSGSEND = YES;
				GCC_C_LANGUAGE_STANDARD = gnu11;
				GCC_NO_COMMON_BLOCKS = YES;
				GCC_WARN_64_TO_32_BIT_CONVERSION = YES;
				GCC_WARN_ABOUT_RETURN_TYPE = YES_ERROR;
				GCC_WARN_UNDECLARED_SELECTOR = YES;
				GCC_WARN_UNINITIALIZED_AUTOS = YES_AGGRESSIVE;
				GCC_WARN_UNUSED_FUNCTION = YES;
				GCC_WARN_UNUSED_VARIABLE = YES;
				MACOSX_DEPLOYMENT_TARGET = 13.0;
				MTL_ENABLE_DEBUG_INFO = NO;
				MTL_FAST_MATH = YES;
				SDKROOT = macosx;
				SWIFT_COMPILATION_MODE = wholemodule;
				SWIFT_OPTIMIZATION_LEVEL = "-O";
			};
			name = Release;
		};
		E4AD326529A2846500C97B35 /* Debug */ = {
			isa = XCBuildConfiguration;
			buildSettings = {
				ASSETCATALOG_COMPILER_APPICON_NAME = AppIcon;
				ASSETCATALOG_COMPILER_GLOBAL_ACCENT_COLOR_NAME = AccentColor;
				CODE_SIGN_ENTITLEMENTS = DBView/DBView.entitlements;
				CODE_SIGN_STYLE = Automatic;
				COMBINE_HIDPI_IMAGES = YES;
				CURRENT_PROJECT_VERSION = 1;
				DEVELOPMENT_TEAM = R28W7FR6SE;
				ENABLE_HARDENED_RUNTIME = YES;
				GENERATE_INFOPLIST_FILE = YES;
				INFOPLIST_KEY_NSHumanReadableCopyright = "";
				INFOPLIST_KEY_NSMainStoryboardFile = Main;
				INFOPLIST_KEY_NSPrincipalClass = NSApplication;
				LD_RUNPATH_SEARCH_PATHS = (
					"$(inherited)",
					"@executable_path/../Frameworks",
				);
				MARKETING_VERSION = 1.0;
				PRODUCT_BUNDLE_IDENTIFIER = com.unlikelyware.DBView;
				PRODUCT_NAME = "$(TARGET_NAME)";
				SWIFT_EMIT_LOC_STRINGS = YES;
				SWIFT_VERSION = 5.0;
			};
			name = Debug;
		};
		E4AD326629A2846500C97B35 /* Release */ = {
			isa = XCBuildConfiguration;
			buildSettings = {
				ASSETCATALOG_COMPILER_APPICON_NAME = AppIcon;
				ASSETCATALOG_COMPILER_GLOBAL_ACCENT_COLOR_NAME = AccentColor;
				CODE_SIGN_ENTITLEMENTS = DBView/DBView.entitlements;
				CODE_SIGN_STYLE = Automatic;
				COMBINE_HIDPI_IMAGES = YES;
				CURRENT_PROJECT_VERSION = 1;
				DEVELOPMENT_TEAM = R28W7FR6SE;
				ENABLE_HARDENED_RUNTIME = YES;
				GENERATE_INFOPLIST_FILE = YES;
				INFOPLIST_KEY_NSHumanReadableCopyright = "";
				INFOPLIST_KEY_NSMainStoryboardFile = Main;
				INFOPLIST_KEY_NSPrincipalClass = NSApplication;
				LD_RUNPATH_SEARCH_PATHS = (
					"$(inherited)",
					"@executable_path/../Frameworks",
				);
				MARKETING_VERSION = 1.0;
				PRODUCT_BUNDLE_IDENTIFIER = com.unlikelyware.DBView;
				PRODUCT_NAME = "$(TARGET_NAME)";
				SWIFT_EMIT_LOC_STRINGS = YES;
				SWIFT_VERSION = 5.0;
			};
			name = Release;
		};
/* End XCBuildConfiguration section */

/* Begin XCConfigurationList section */
		E4AD325029A2846400C97B35 /* Build configuration list for PBXProject "DBView" */ = {
			isa = XCConfigurationList;
			buildConfigurations = (
				E4AD326229A2846500C97B35 /* Debug */,
				E4AD326329A2846500C97B35 /* Release */,
			);
			defaultConfigurationIsVisible = 0;
			defaultConfigurationName = Release;
		};
		E4AD326429A2846500C97B35 /* Build configuration list for PBXNativeTarget "DBView" */ = {
			isa = XCConfigurationList;
			buildConfigurations = (
				E4AD326529A2846500C97B35 /* Debug */,
				E4AD326629A2846500C97B35 /* Release */,
			);
			defaultConfigurationIsVisible = 0;
			defaultConfigurationName = Release;
		};
/* End XCConfigurationList section */
	};
	rootObject = E4AD324D29A2846400C97B35 /* Project object */;
}
